Microsoft Visual Studio Solution File, Format Version 12.00
# Visual Studio Version 17
VisualStudioVersion = 17.5.2.0
MinimumVisualStudioVersion = 10.0.40219.1
Project("{FAE04EC0-301F-11D3-BF4B-00C04F79EFBC}") = "C#LongestConsecutiveSequence", "C#LongestConsecutiveSequence\C#LongestConsecutiveSequence.csproj", "{279E27C7-74DC-80D2-0C9F-BF79C5DE536D}"
EndProject
Global
	GlobalSection(SolutionConfigurationPlatforms) = preSolution
		Debug|Any CPU = Debug|Any CPU
		Release|Any CPU = Release|Any CPU
	EndGlobalSection
	GlobalSection(ProjectConfigurationPlatforms) = postSolution
		{279E27C7-74DC-80D2-0C9F-BF79C5DE536D}.Debug|Any CPU.ActiveCfg = Debug|Any CPU
		{279E27C7-74DC-80D2-0C9F-BF79C5DE536D}.Debug|Any CPU.Build.0 = Debug|Any CPU
		{279E27C7-74DC-80D2-0C9F-BF79C5DE536D}.Release|Any CPU.ActiveCfg = Release|Any CPU
		{279E27C7-74DC-80D2-0C9F-BF79C5DE536D}.Release|Any CPU.Build.0 = Release|Any CPU
	EndGlobalSection
	GlobalSection(SolutionProperties) = preSolution
		HideSolutionNode = FALSE
	EndGlobalSection
	GlobalSection(ExtensibilityGlobals) = postSolution
		SolutionGuid = {EC68A4C5-5543-4E2A-B5C8-7C7E85FD5AC0}
	EndGlobalSection
EndGlobal
